{
  "name": "06-pinecone",
  "version": "1.0.0",
  "lockfileVersion": 3,
  "requires": true,
  "packages": {
    "": {
      "name": "06-pinecone",
      "version": "1.0.0",
      "license": "ISC",
      "dependencies": {
        "@pinecone-database/pinecone": "^8.2.0",
        "dotenv": "^17.4.2"
      }
    },
    "node_modules/@pinecone-database/pinecone": {
      "version": "8.2.0",
      "resolved": "https://registry.npmjs.org/@pinecone-database/pinecone/-/pinecone-8.2.0.tgz",
      "integrity": "sha512-4Lzn+Ph4Lmf8ZEm2Ky1WGgPJJtoMtjSCmsT6bdHpd8nhkUnCQqk/NsbPYglx7irWYJpb2zBE+wehNBfoCeJ6Qw==",
      "license": "Apache-2.0",
      "engines": {
        "node": ">=20.0.0"
      }
    },
    "node_modules/dotenv": {
      "version": "17.4.2",
      "resolved": "https://registry.npmjs.org/dotenv/-/dotenv-17.4.2.tgz",
      "integrity": "sha512-nI4U3TottKAcAD9LLud4Cb7b2QztQMUEfHbvhTH09bqXTxnSie8WnjPALV/WMCrJZ6UV/qHJ6L03OqO3LcdYZw==",
      "license": "BSD-2-Clause",
      "engines": {
        "node": ">=12"
      },
      "funding": {
        "url": "https://dotenvx.com"
      }
    }
  }
}
